
Microsoft Visual Studio Solution File, Format Version 12.00
# Visual Studio Version 17
VisualStudioVersion = 17.0.31903.59
MinimumVisualStudioVersion = 10.0.40219.1
Project("{2150E333-8FDC-42A3-9474-1A3956D46DE8}") = "src", "src", "{827E0CD3-B72D-47B6-A68D-7590B98EB39B}"
EndProject
Project("{FAE04EC0-301F-11D3-BF4B-00C04F79EFBC}") = "SRDCombat.Core", "src\SRDCombat.Core\SRDCombat.Core.csproj", "{A6649380-C245-4675-85C8-818B89FD7F60}"
EndProject
Project("{FAE04EC0-301F-11D3-BF4B-00C04F79EFBC}") = "SRDCombat.Content", "src\SRDCombat.Content\SRDCombat.Content.csproj", "{E78F0C13-5398-4903-9C02-68728495B74F}"
EndProject
Project("{FAE04EC0-301F-11D3-BF4B-00C04F79EFBC}") = "SRDCombat.Game", "src\SRDCombat.Game\SRDCombat.Game.csproj", "{C49C4B98-194C-49F9-9D98-D6261F6C1700}"
EndProject
Project("{FAE04EC0-301F-11D3-BF4B-00C04F79EFBC}") = "SRDCombat.Console", "src\SRDCombat.Console\SRDCombat.Console.csproj", "{7C00136C-4ED9-4970-9587-4A878BE085EB}"
EndProject
Project("{2150E333-8FDC-42A3-9474-1A3956D46DE8}") = "tools", "tools", "{07C2787E-EAC7-C090-1BA3-A61EC2A24D84}"
EndProject
Project("{FAE04EC0-301F-11D3-BF4B-00C04F79EFBC}") = "SrdExtract", "tools\SrdExtract\SrdExtract.csproj", "{8AF20E90-C206-4A0A-ADFE-9DD88D96EAC8}"
EndProject
Project("{2150E333-8FDC-42A3-9474-1A3956D46DE8}") = "tests", "tests", "{0AB3BF05-4346-4AA6-1389-037BE0695223}"
EndProject
Project("{FAE04EC0-301F-11D3-BF4B-00C04F79EFBC}") = "SRDCombat.Core.Tests", "tests\SRDCombat.Core.Tests\SRDCombat.Core.Tests.csproj", "{AD354536-BBDC-4C2C-9FBE-FF207C2648A9}"
EndProject
Project("{FAE04EC0-301F-11D3-BF4B-00C04F79EFBC}") = "SRDCombat.Content.Tests", "tests\SRDCombat.Content.Tests\SRDCombat.Content.Tests.csproj", "{812AE694-38B2-4207-A206-114334BC79DF}"
EndProject
Project("{FAE04EC0-301F-11D3-BF4B-00C04F79EFBC}") = "SRDCombat.Game.Tests", "tests\SRDCombat.Game.Tests\SRDCombat.Game.Tests.csproj", "{5132BFA6-8009-4F46-86D8-4E1311B8BA75}"
EndProject
Project("{FAE04EC0-301F-11D3-BF4B-00C04F79EFBC}") = "PacingMeasure", "tools\PacingMeasure\PacingMeasure.csproj", "{503C107C-A8D9-4E77-9016-0132BF2778BA}"
EndProject
Project("{2150E333-8FDC-42A3-9474-1A3956D46DE8}") = "client", "client", "{2CB42F12-E813-91B3-7D11-3220E40BEF4A}"
EndProject
Project("{FAE04EC0-301F-11D3-BF4B-00C04F79EFBC}") = "SRDCombat.Viewer", "client\SRDCombat.Viewer.csproj", "{F00C3BD4-4CB1-4C5B-9AE3-64D9F6B9B893}"
EndProject
Project("{FAE04EC0-301F-11D3-BF4B-00C04F79EFBC}") = "SrdExtract.Tests", "tests\SrdExtract.Tests\SrdExtract.Tests.csproj", "{81AB05CB-B19B-4472-A00D-0243D03EE5BE}"
EndProject
Project("{FAE04EC0-301F-11D3-BF4B-00C04F79EFBC}") = "SRDCombat.Viewer.Tests", "tests\SRDCombat.Viewer.Tests\SRDCombat.Viewer.Tests.csproj", "{C87A011F-A471-4C3E-B3A7-1F1215AA9C93}"
EndProject
Project("{FAE04EC0-301F-11D3-BF4B-00C04F79EFBC}") = "SRDCombat.Console.Tests", "tests\SRDCombat.Console.Tests\SRDCombat.Console.Tests.csproj", "{EC2EE1BD-ACE7-4343-8017-06E903C22C26}"
EndProject
Global
	GlobalSection(SolutionConfigurationPlatforms) = preSolution
		Debug|Any CPU = Debug|Any CPU
		Debug|x64 = Debug|x64
		Debug|x86 = Debug|x86
		Release|Any CPU = Release|Any CPU
		Release|x64 = Release|x64
		Release|x86 = Release|x86
	EndGlobalSection
	GlobalSection(ProjectConfigurationPlatforms) = postSolution
		{A6649380-C245-4675-85C8-818B89FD7F60}.Debug|Any CPU.ActiveCfg = Debug|Any CPU
		{A6649380-C245-4675-85C8-818B89FD7F60}.Debug|Any CPU.Build.0 = Debug|Any CPU
		{A6649380-C245-4675-85C8-818B89FD7F60}.Debug|x64.ActiveCfg = Debug|Any CPU
		{A6649380-C245-4675-85C8-818B89FD7F60}.Debug|x64.Build.0 = Debug|Any CPU
		{A6649380-C245-4675-85C8-818B89FD7F60}.Debug|x86.ActiveCfg = Debug|Any CPU
		{A6649380-C245-4675-85C8-818B89FD7F60}.Debug|x86.Build.0 = Debug|Any CPU
		{A6649380-C245-4675-85C8-818B89FD7F60}.Release|Any CPU.ActiveCfg = Release|Any CPU
		{A6649380-C245-4675-85C8-818B89FD7F60}.Release|Any CPU.Build.0 = Release|Any CPU
		{A6649380-C245-4675-85C8-818B89FD7F60}.Release|x64.ActiveCfg = Release|Any CPU
		{A6649380-C245-4675-85C8-818B89FD7F60}.Release|x64.Build.0 = Release|Any CPU
		{A6649380-C245-4675-85C8-818B89FD7F60}.Release|x86.ActiveCfg = Release|Any CPU
		{A6649380-C245-4675-85C8-818B89FD7F60}.Release|x86.Build.0 = Release|Any CPU
		{E78F0C13-5398-4903-9C02-68728495B74F}.Debug|Any CPU.ActiveCfg = Debug|Any CPU
		{E78F0C13-5398-4903-9C02-68728495B74F}.Debug|Any CPU.Build.0 = Debug|Any CPU
		{E78F0C13-5398-4903-9C02-68728495B74F}.Debug|x64.ActiveCfg = Debug|Any CPU
		{E78F0C13-5398-4903-9C02-68728495B74F}.Debug|x64.Build.0 = Debug|Any CPU
		{E78F0C13-5398-4903-9C02-68728495B74F}.Debug|x86.ActiveCfg = Debug|Any CPU
		{E78F0C13-5398-4903-9C02-68728495B74F}.Debug|x86.Build.0 = Debug|Any CPU
		{E78F0C13-5398-4903-9C02-68728495B74F}.Release|Any CPU.ActiveCfg = Release|Any CPU
		{E78F0C13-5398-4903-9C02-68728495B74F}.Release|Any CPU.Build.0 = Release|Any CPU
		{E78F0C13-5398-4903-9C02-68728495B74F}.Release|x64.ActiveCfg = Release|Any CPU
		{E78F0C13-5398-4903-9C02-68728495B74F}.Release|x64.Build.0 = Release|Any CPU
		{E78F0C13-5398-4903-9C02-68728495B74F}.Release|x86.ActiveCfg = Release|Any CPU
		{E78F0C13-5398-4903-9C02-68728495B74F}.Release|x86.Build.0 = Release|Any CPU
		{C49C4B98-194C-49F9-9D98-D6261F6C1700}.Debug|Any CPU.ActiveCfg = Debug|Any CPU
		{C49C4B98-194C-49F9-9D98-D6261F6C1700}.Debug|Any CPU.Build.0 = Debug|Any CPU
		{C49C4B98-194C-49F9-9D98-D6261F6C1700}.Debug|x64.ActiveCfg = Debug|Any CPU
		{C49C4B98-194C-49F9-9D98-D6261F6C1700}.Debug|x64.Build.0 = Debug|Any CPU
		{C49C4B98-194C-49F9-9D98-D6261F6C1700}.Debug|x86.ActiveCfg = Debug|Any CPU
		{C49C4B98-194C-49F9-9D98-D6261F6C1700}.Debug|x86.Build.0 = Debug|Any CPU
		{C49C4B98-194C-49F9-9D98-D6261F6C1700}.Release|Any CPU.ActiveCfg = Release|Any CPU
		{C49C4B98-194C-49F9-9D98-D6261F6C1700}.Release|Any CPU.Build.0 = Release|Any CPU
		{C49C4B98-194C-49F9-9D98-D6261F6C1700}.Release|x64.ActiveCfg = Release|Any CPU
		{C49C4B98-194C-49F9-9D98-D6261F6C1700}.Release|x64.Build.0 = Release|Any CPU
		{C49C4B98-194C-49F9-9D98-D6261F6C1700}.Release|x86.ActiveCfg = Release|Any CPU
		{C49C4B98-194C-49F9-9D98-D6261F6C1700}.Release|x86.Build.0 = Release|Any CPU
		{7C00136C-4ED9-4970-9587-4A878BE085EB}.Debug|Any CPU.ActiveCfg = Debug|Any CPU
		{7C00136C-4ED9-4970-9587-4A878BE085EB}.Debug|Any CPU.Build.0 = Debug|Any CPU
		{7C00136C-4ED9-4970-9587-4A878BE085EB}.Debug|x64.ActiveCfg = Debug|Any CPU
		{7C00136C-4ED9-4970-9587-4A878BE085EB}.Debug|x64.Build.0 = Debug|Any CPU
		{7C00136C-4ED9-4970-9587-4A878BE085EB}.Debug|x86.ActiveCfg = Debug|Any CPU
		{7C00136C-4ED9-4970-9587-4A878BE085EB}.Debug|x86.Build.0 = Debug|Any CPU
		{7C00136C-4ED9-4970-9587-4A878BE085EB}.Release|Any CPU.ActiveCfg = Release|Any CPU
		{7C00136C-4ED9-4970-9587-4A878BE085EB}.Release|Any CPU.Build.0 = Release|Any CPU
		{7C00136C-4ED9-4970-9587-4A878BE085EB}.Release|x64.ActiveCfg = Release|Any CPU
		{7C00136C-4ED9-4970-9587-4A878BE085EB}.Release|x64.Build.0 = Release|Any CPU
		{7C00136C-4ED9-4970-9587-4A878BE085EB}.Release|x86.ActiveCfg = Release|Any CPU
		{7C00136C-4ED9-4970-9587-4A878BE085EB}.Release|x86.Build.0 = Release|Any CPU
		{8AF20E90-C206-4A0A-ADFE-9DD88D96EAC8}.Debug|Any CPU.ActiveCfg = Debug|Any CPU
		{8AF20E90-C206-4A0A-ADFE-9DD88D96EAC8}.Debug|Any CPU.Build.0 = Debug|Any CPU
		{8AF20E90-C206-4A0A-ADFE-9DD88D96EAC8}.Debug|x64.ActiveCfg = Debug|Any CPU
		{8AF20E90-C206-4A0A-ADFE-9DD88D96EAC8}.Debug|x64.Build.0 = Debug|Any CPU
		{8AF20E90-C206-4A0A-ADFE-9DD88D96EAC8}.Debug|x86.ActiveCfg = Debug|Any CPU
		{8AF20E90-C206-4A0A-ADFE-9DD88D96EAC8}.Debug|x86.Build.0 = Debug|Any CPU
		{8AF20E90-C206-4A0A-ADFE-9DD88D96EAC8}.Release|Any CPU.ActiveCfg = Release|Any CPU
		{8AF20E90-C206-4A0A-ADFE-9DD88D96EAC8}.Release|Any CPU.Build.0 = Release|Any CPU
		{8AF20E90-C206-4A0A-ADFE-9DD88D96EAC8}.Release|x64.ActiveCfg = Release|Any CPU
		{8AF20E90-C206-4A0A-ADFE-9DD88D96EAC8}.Release|x64.Build.0 = Release|Any CPU
		{8AF20E90-C206-4A0A-ADFE-9DD88D96EAC8}.Release|x86.ActiveCfg = Release|Any CPU
		{8AF20E90-C206-4A0A-ADFE-9DD88D96EAC8}.Release|x86.Build.0 = Release|Any CPU
		{AD354536-BBDC-4C2C-9FBE-FF207C2648A9}.Debug|Any CPU.ActiveCfg = Debug|Any CPU
		{AD354536-BBDC-4C2C-9FBE-FF207C2648A9}.Debug|Any CPU.Build.0 = Debug|Any CPU
		{AD354536-BBDC-4C2C-9FBE-FF207C2648A9}.Debug|x64.ActiveCfg = Debug|Any CPU
		{AD354536-BBDC-4C2C-9FBE-FF207C2648A9}.Debug|x64.Build.0 = Debug|Any CPU
		{AD354536-BBDC-4C2C-9FBE-FF207C2648A9}.Debug|x86.ActiveCfg = Debug|Any CPU
		{AD354536-BBDC-4C2C-9FBE-FF207C2648A9}.Debug|x86.Build.0 = Debug|Any CPU
		{AD354536-BBDC-4C2C-9FBE-FF207C2648A9}.Release|Any CPU.ActiveCfg = Release|Any CPU
		{AD354536-BBDC-4C2C-9FBE-FF207C2648A9}.Release|Any CPU.Build.0 = Release|Any CPU
		{AD354536-BBDC-4C2C-9FBE-FF207C2648A9}.Release|x64.ActiveCfg = Release|Any CPU
		{AD354536-BBDC-4C2C-9FBE-FF207C2648A9}.Release|x64.Build.0 = Release|Any CPU
		{AD354536-BBDC-4C2C-9FBE-FF207C2648A9}.Release|x86.ActiveCfg = Release|Any CPU
		{AD354536-BBDC-4C2C-9FBE-FF207C2648A9}.Release|x86.Build.0 = Release|Any CPU
		{812AE694-38B2-4207-A206-114334BC79DF}.Debug|Any CPU.ActiveCfg = Debug|Any CPU
		{812AE694-38B2-4207-A206-114334BC79DF}.Debug|Any CPU.Build.0 = Debug|Any CPU
		{812AE694-38B2-4207-A206-114334BC79DF}.Debug|x64.ActiveCfg = Debug|Any CPU
		{812AE694-38B2-4207-A206-114334BC79DF}.Debug|x64.Build.0 = Debug|Any CPU
		{812AE694-38B2-4207-A206-114334BC79DF}.Debug|x86.ActiveCfg = Debug|Any CPU
		{812AE694-38B2-4207-A206-114334BC79DF}.Debug|x86.Build.0 = Debug|Any CPU
		{812AE694-38B2-4207-A206-114334BC79DF}.Release|Any CPU.ActiveCfg = Release|Any CPU
		{812AE694-38B2-4207-A206-114334BC79DF}.Release|Any CPU.Build.0 = Release|Any CPU
		{812AE694-38B2-4207-A206-114334BC79DF}.Release|x64.ActiveCfg = Release|Any CPU
		{812AE694-38B2-4207-A206-114334BC79DF}.Release|x64.Build.0 = Release|Any CPU
		{812AE694-38B2-4207-A206-114334BC79DF}.Release|x86.ActiveCfg = Release|Any CPU
		{812AE694-38B2-4207-A206-114334BC79DF}.Release|x86.Build.0 = Release|Any CPU
		{5132BFA6-8009-4F46-86D8-4E1311B8BA75}.Debug|Any CPU.ActiveCfg = Debug|Any CPU
		{5132BFA6-8009-4F46-86D8-4E1311B8BA75}.Debug|Any CPU.Build.0 = Debug|Any CPU
		{5132BFA6-8009-4F46-86D8-4E1311B8BA75}.Debug|x64.ActiveCfg = Debug|Any CPU
		{5132BFA6-8009-4F46-86D8-4E1311B8BA75}.Debug|x64.Build.0 = Debug|Any CPU
		{5132BFA6-8009-4F46-86D8-4E1311B8BA75}.Debug|x86.ActiveCfg = Debug|Any CPU
		{5132BFA6-8009-4F46-86D8-4E1311B8BA75}.Debug|x86.Build.0 = Debug|Any CPU
		{5132BFA6-8009-4F46-86D8-4E1311B8BA75}.Release|Any CPU.ActiveCfg = Release|Any CPU
		{5132BFA6-8009-4F46-86D8-4E1311B8BA75}.Release|Any CPU.Build.0 = Release|Any CPU
		{5132BFA6-8009-4F46-86D8-4E1311B8BA75}.Release|x64.ActiveCfg = Release|Any CPU
		{5132BFA6-8009-4F46-86D8-4E1311B8BA75}.Release|x64.Build.0 = Release|Any CPU
		{5132BFA6-8009-4F46-86D8-4E1311B8BA75}.Release|x86.ActiveCfg = Release|Any CPU
		{5132BFA6-8009-4F46-86D8-4E1311B8BA75}.Release|x86.Build.0 = Release|Any CPU
		{503C107C-A8D9-4E77-9016-0132BF2778BA}.Debug|Any CPU.ActiveCfg = Debug|Any CPU
		{503C107C-A8D9-4E77-9016-0132BF2778BA}.Debug|Any CPU.Build.0 = Debug|Any CPU
		{503C107C-A8D9-4E77-9016-0132BF2778BA}.Debug|x64.ActiveCfg = Debug|Any CPU
		{503C107C-A8D9-4E77-9016-0132BF2778BA}.Debug|x64.Build.0 = Debug|Any CPU
		{503C107C-A8D9-4E77-9016-0132BF2778BA}.Debug|x86.ActiveCfg = Debug|Any CPU
		{503C107C-A8D9-4E77-9016-0132BF2778BA}.Debug|x86.Build.0 = Debug|Any CPU
		{503C107C-A8D9-4E77-9016-0132BF2778BA}.Release|Any CPU.ActiveCfg = Release|Any CPU
		{503C107C-A8D9-4E77-9016-0132BF2778BA}.Release|Any CPU.Build.0 = Release|Any CPU
		{503C107C-A8D9-4E77-9016-0132BF2778BA}.Release|x64.ActiveCfg = Release|Any CPU
		{503C107C-A8D9-4E77-9016-0132BF2778BA}.Release|x64.Build.0 = Release|Any CPU
		{503C107C-A8D9-4E77-9016-0132BF2778BA}.Release|x86.ActiveCfg = Release|Any CPU
		{503C107C-A8D9-4E77-9016-0132BF2778BA}.Release|x86.Build.0 = Release|Any CPU
		{F00C3BD4-4CB1-4C5B-9AE3-64D9F6B9B893}.Debug|Any CPU.ActiveCfg = Debug|Any CPU
		{F00C3BD4-4CB1-4C5B-9AE3-64D9F6B9B893}.Debug|Any CPU.Build.0 = Debug|Any CPU
		{F00C3BD4-4CB1-4C5B-9AE3-64D9F6B9B893}.Debug|x64.ActiveCfg = Debug|Any CPU
		{F00C3BD4-4CB1-4C5B-9AE3-64D9F6B9B893}.Debug|x64.Build.0 = Debug|Any CPU
		{F00C3BD4-4CB1-4C5B-9AE3-64D9F6B9B893}.Debug|x86.ActiveCfg = Debug|Any CPU
		{F00C3BD4-4CB1-4C5B-9AE3-64D9F6B9B893}.Debug|x86.Build.0 = Debug|Any CPU
		{F00C3BD4-4CB1-4C5B-9AE3-64D9F6B9B893}.Release|Any CPU.ActiveCfg = Debug|Any CPU
		{F00C3BD4-4CB1-4C5B-9AE3-64D9F6B9B893}.Release|Any CPU.Build.0 = Debug|Any CPU
		{F00C3BD4-4CB1-4C5B-9AE3-64D9F6B9B893}.Release|x64.ActiveCfg = Debug|Any CPU
		{F00C3BD4-4CB1-4C5B-9AE3-64D9F6B9B893}.Release|x64.Build.0 = Debug|Any CPU
		{F00C3BD4-4CB1-4C5B-9AE3-64D9F6B9B893}.Release|x86.ActiveCfg = Debug|Any CPU
		{F00C3BD4-4CB1-4C5B-9AE3-64D9F6B9B893}.Release|x86.Build.0 = Debug|Any CPU
		{81AB05CB-B19B-4472-A00D-0243D03EE5BE}.Debug|Any CPU.ActiveCfg = Debug|Any CPU
		{81AB05CB-B19B-4472-A00D-0243D03EE5BE}.Debug|Any CPU.Build.0 = Debug|Any CPU
		{81AB05CB-B19B-4472-A00D-0243D03EE5BE}.Debug|x64.ActiveCfg = Debug|Any CPU
		{81AB05CB-B19B-4472-A00D-0243D03EE5BE}.Debug|x64.Build.0 = Debug|Any CPU
		{81AB05CB-B19B-4472-A00D-0243D03EE5BE}.Debug|x86.ActiveCfg = Debug|Any CPU
		{81AB05CB-B19B-4472-A00D-0243D03EE5BE}.Debug|x86.Build.0 = Debug|Any CPU
		{81AB05CB-B19B-4472-A00D-0243D03EE5BE}.Release|Any CPU.ActiveCfg = Release|Any CPU
		{81AB05CB-B19B-4472-A00D-0243D03EE5BE}.Release|Any CPU.Build.0 = Release|Any CPU
		{81AB05CB-B19B-4472-A00D-0243D03EE5BE}.Release|x64.ActiveCfg = Release|Any CPU
		{81AB05CB-B19B-4472-A00D-0243D03EE5BE}.Release|x64.Build.0 = Release|Any CPU
		{81AB05CB-B19B-4472-A00D-0243D03EE5BE}.Release|x86.ActiveCfg = Release|Any CPU
		{81AB05CB-B19B-4472-A00D-0243D03EE5BE}.Release|x86.Build.0 = Release|Any CPU
		{C87A011F-A471-4C3E-B3A7-1F1215AA9C93}.Debug|Any CPU.ActiveCfg = Debug|Any CPU
		{C87A011F-A471-4C3E-B3A7-1F1215AA9C93}.Debug|Any CPU.Build.0 = Debug|Any CPU
		{C87A011F-A471-4C3E-B3A7-1F1215AA9C93}.Debug|x64.ActiveCfg = Debug|Any CPU
		{C87A011F-A471-4C3E-B3A7-1F1215AA9C93}.Debug|x64.Build.0 = Debug|Any CPU
		{C87A011F-A471-4C3E-B3A7-1F1215AA9C93}.Debug|x86.ActiveCfg = Debug|Any CPU
		{C87A011F-A471-4C3E-B3A7-1F1215AA9C93}.Debug|x86.Build.0 = Debug|Any CPU
		{C87A011F-A471-4C3E-B3A7-1F1215AA9C93}.Release|Any CPU.ActiveCfg = Release|Any CPU
		{C87A011F-A471-4C3E-B3A7-1F1215AA9C93}.Release|Any CPU.Build.0 = Release|Any CPU
		{C87A011F-A471-4C3E-B3A7-1F1215AA9C93}.Release|x64.ActiveCfg = Release|Any CPU
		{C87A011F-A471-4C3E-B3A7-1F1215AA9C93}.Release|x64.Build.0 = Release|Any CPU
		{C87A011F-A471-4C3E-B3A7-1F1215AA9C93}.Release|x86.ActiveCfg = Release|Any CPU
		{C87A011F-A471-4C3E-B3A7-1F1215AA9C93}.Release|x86.Build.0 = Release|Any CPU
		{EC2EE1BD-ACE7-4343-8017-06E903C22C26}.Debug|Any CPU.ActiveCfg = Debug|Any CPU
		{EC2EE1BD-ACE7-4343-8017-06E903C22C26}.Debug|Any CPU.Build.0 = Debug|Any CPU
		{EC2EE1BD-ACE7-4343-8017-06E903C22C26}.Debug|x64.ActiveCfg = Debug|Any CPU
		{EC2EE1BD-ACE7-4343-8017-06E903C22C26}.Debug|x64.Build.0 = Debug|Any CPU
		{EC2EE1BD-ACE7-4343-8017-06E903C22C26}.Debug|x86.ActiveCfg = Debug|Any CPU
		{EC2EE1BD-ACE7-4343-8017-06E903C22C26}.Debug|x86.Build.0 = Debug|Any CPU
		{EC2EE1BD-ACE7-4343-8017-06E903C22C26}.Release|Any CPU.ActiveCfg = Release|Any CPU
		{EC2EE1BD-ACE7-4343-8017-06E903C22C26}.Release|Any CPU.Build.0 = Release|Any CPU
		{EC2EE1BD-ACE7-4343-8017-06E903C22C26}.Release|x64.ActiveCfg = Release|Any CPU
		{EC2EE1BD-ACE7-4343-8017-06E903C22C26}.Release|x64.Build.0 = Release|Any CPU
		{EC2EE1BD-ACE7-4343-8017-06E903C22C26}.Release|x86.ActiveCfg = Release|Any CPU
		{EC2EE1BD-ACE7-4343-8017-06E903C22C26}.Release|x86.Build.0 = Release|Any CPU
	EndGlobalSection
	GlobalSection(SolutionProperties) = preSolution
		HideSolutionNode = FALSE
	EndGlobalSection
	GlobalSection(NestedProjects) = preSolution
		{A6649380-C245-4675-85C8-818B89FD7F60} = {827E0CD3-B72D-47B6-A68D-7590B98EB39B}
		{E78F0C13-5398-4903-9C02-68728495B74F} = {827E0CD3-B72D-47B6-A68D-7590B98EB39B}
		{C49C4B98-194C-49F9-9D98-D6261F6C1700} = {827E0CD3-B72D-47B6-A68D-7590B98EB39B}
		{7C00136C-4ED9-4970-9587-4A878BE085EB} = {827E0CD3-B72D-47B6-A68D-7590B98EB39B}
		{8AF20E90-C206-4A0A-ADFE-9DD88D96EAC8} = {07C2787E-EAC7-C090-1BA3-A61EC2A24D84}
		{AD354536-BBDC-4C2C-9FBE-FF207C2648A9} = {0AB3BF05-4346-4AA6-1389-037BE0695223}
		{812AE694-38B2-4207-A206-114334BC79DF} = {0AB3BF05-4346-4AA6-1389-037BE0695223}
		{5132BFA6-8009-4F46-86D8-4E1311B8BA75} = {0AB3BF05-4346-4AA6-1389-037BE0695223}
		{503C107C-A8D9-4E77-9016-0132BF2778BA} = {07C2787E-EAC7-C090-1BA3-A61EC2A24D84}
		{F00C3BD4-4CB1-4C5B-9AE3-64D9F6B9B893} = {2CB42F12-E813-91B3-7D11-3220E40BEF4A}
		{81AB05CB-B19B-4472-A00D-0243D03EE5BE} = {0AB3BF05-4346-4AA6-1389-037BE0695223}
		{C87A011F-A471-4C3E-B3A7-1F1215AA9C93} = {0AB3BF05-4346-4AA6-1389-037BE0695223}
		{EC2EE1BD-ACE7-4343-8017-06E903C22C26} = {0AB3BF05-4346-4AA6-1389-037BE0695223}
	EndGlobalSection
EndGlobal
